// !$*UTF8*$!
{
	archiveVersion = 1;
	classes = {
	};
	objectVersion = 56;
	objects = {

/* Begin PBXBuildFile section */
		6459D16C2912682100E4BBC1 /* AppDelegate.swift in Sources */ = {isa = PBXBuildFile; fileRef = 6459D16B2912682100E4BBC1 /* AppDelegate.swift */; };
		6459D16E2912682200E4BBC1 /* SceneDelegate.swift in Sources */ = {isa = PBXBuildFile; fileRef = 6459D16D2912682200E4BBC1 /* SceneDelegate.swift */; };
		6459D1702912682200E4BBC1 /* ViewController.swift in Sources */ = {isa = PBXBuildFile; fileRef = 6459D16F2912682200E4BBC1 /* ViewController.swift */; };
		6459D1732912682200E4BBC1 /* Main.storyboard in Resources */ = {isa = PBXBuildFile; fileRef = 6459D1712912682200E4BBC1 /* Main.storyboard */; };
		6459D1752912682E00E4BBC1 /* Assets.xcassets in Resources */ = {isa = PBXBuildFile; fileRef = 6459D1742912682E00E4BBC1 /* Assets.xcassets */; };
		6459D1782912682E00E4BBC1 /* LaunchScreen.storyboard in Resources */ = {isa = PBXBuildFile; fileRef = 6459D1762912682E00E4BBC1 /* LaunchScreen.storyboard */; };
		6459D1832912683100E4BBC1 /* hbmTests.swift in Sources */ = {isa = PBXBuildFile; fileRef = 6459D1822912683100E4BBC1 /* hbmTests.swift */; };
		6459D18D2912683200E4BBC1 /* hbmUITests.swift in Sources */ = {isa = PBXBuildFile; fileRef = 6459D18C2912683200E4BBC1 /* hbmUITests.swift */; };
		6459D18F2912683200E4BBC1 /* hbmUITestsLaunchTests.swift in Sources */ = {isa = PBXBuildFile; fileRef = 6459D18E2912683200E4BBC1 /* hbmUITestsLaunchTests.swift */; };
		6459D19C2912751200E4BBC1 /* SplashController.swift in Sources */ = {isa = PBXBuildFile; fileRef = 6459D19B2912751200E4BBC1 /* SplashController.swift */; };
/* End PBXBuildFile section */

/* Begin PBXContainerItemProxy section */
		6459D17F2912683100E4BBC1 /* PBXContainerItemProxy */ = {
			isa = PBXContainerItemProxy;
			containerPortal = 6459D1602912682100E4BBC1 /* Project object */;
			proxyType = 1;
			remoteGlobalIDString = 6459D1672912682100E4BBC1;
			remoteInfo = hbm;
		};
		6459D1892912683200E4BBC1 /* PBXContainerItemProxy */ = {
			isa = PBXContainerItemProxy;
			containerPortal = 6459D1602912682100E4BBC1 /* Project object */;
			proxyType = 1;
			remoteGlobalIDString = 6459D1672912682100E4BBC1;
			remoteInfo = hbm;
		};
/* End PBXContainerItemProxy section */

/* Begin PBXFileReference section */
		6459D1682912682100E4BBC1 /* hbm.app */ = {isa = PBXFileReference; explicitFileType = wrapper.application; includeInIndex = 0; path = hbm.app; sourceTree = BUILT_PRODUCTS_DIR; };
		6459D16B2912682100E4BBC1 /* AppDelegate.swift */ = {isa = PBXFileReference; lastKnownFileType = sourcecode.swift; path = AppDelegate.swift; sourceTree = "<group>"; };
		6459D16D2912682200E4BBC1 /* SceneDelegate.swift */ = {isa = PBXFileReference; lastKnownFileType = sourcecode.swift; path = SceneDelegate.swift; sourceTree = "<group>"; };
		6459D16F2912682200E4BBC1 /* ViewController.swift */ = {isa = PBXFileReference; lastKnownFileType = sourcecode.swift; path = ViewController.swift; sourceTree = "<group>"; };
		6459D1722912682200E4BBC1 /* Base */ = {isa = PBXFileReference; lastKnownFileType = file.storyboard; name = Base; path = Base.lproj/Main.storyboard; sourceTree = "<group>"; };
		6459D1742912682E00E4BBC1 /* Assets.xcassets */ = {isa = PBXFileReference; lastKnownFileType = folder.assetcatalog; path = Assets.xcassets; sourceTree = "<group>"; };
		6459D1772912682E00E4BBC1 /* Base */ = {isa = PBXFileReference; lastKnownFileType = file.storyboard; name = Base; path = Base.lproj/LaunchScreen.storyboard; sourceTree = "<group>"; };
		6459D1792912682E00E4BBC1 /* Info.plist */ = {isa = PBXFileReference; lastKnownFileType = text.plist.xml; path = Info.plist; sourceTree = "<group>"; };
		6459D17E2912683100E4BBC1 /* hbmTests.xctest */ = {isa = PBXFileReference; explicitFileType = wrapper.cfbundle; includeInIndex = 0; path = hbmTests.xctest; sourceTree = BUILT_PRODUCTS_DIR; };
		6459D1822912683100E4BBC1 /* hbmTests.swift */ = {isa = PBXFileReference; lastKnownFileType = sourcecode.swift; path = hbmTests.swift; sourceTree = "<group>"; };
		6459D1882912683200E4BBC1 /* hbmUITests.xctest */ = {isa = PBXFileReference; explicitFileType = wrapper.cfbundle; includeInIndex = 0; path = hbmUITests.xctest; sourceTree = BUILT_PRODUCTS_DIR; };
		6459D18C2912683200E4BBC1 /* hbmUITests.swift */ = {isa = PBXFileReference; lastKnownFileType = sourcecode.swift; path = hbmUITests.swift; sourceTree = "<group>"; };
		6459D18E2912683200E4BBC1 /* hbmUITestsLaunchTests.swift */ = {isa = PBXFileReference; lastKnownFileType = sourcecode.swift; path = hbmUITestsLaunchTests.swift; sourceTree = "<group>"; };
		6459D19B2912751200E4BBC1 /* SplashController.swift */ = {isa = PBXFileReference; lastKnownFileType = sourcecode.swift; path = SplashController.swift; sourceTree = "<group>"; };
/* End PBXFileReference section */

/* Begin PBXFrameworksBuildPhase section */
		6459D1652912682100E4BBC1 /* Frameworks */ = {
			isa = PBXFrameworksBuildPhase;
			buildActionMask = 2147483647;
			files = (
			);
			runOnlyForDeploymentPostprocessing = 0;
		};
		6459D17B2912683100E4BBC1 /* Frameworks */ = {
			isa = PBXFrameworksBuildPhase;
			buildActionMask = 2147483647;
			files = (
			);
			runOnlyForDeploymentPostprocessing = 0;
		};
		6459D1852912683200E4BBC1 /* Frameworks */ = {
			isa = PBXFrameworksBuildPhase;
			buildActionMask = 2147483647;
			files = (
			);
			runOnlyForDeploymentPostprocessing = 0;
		};
/* End PBXFrameworksBuildPhase section */

/* Begin PBXGroup section */
		6459D15F2912682100E4BBC1 = {
			isa = PBXGroup;
			children = (
				6459D16A2912682100E4BBC1 /* hbm */,
				6459D1812912683100E4BBC1 /* hbmTests */,
				6459D18B2912683200E4BBC1 /* hbmUITests */,
				6459D1692912682100E4BBC1 /* Products */,
			);
			sourceTree = "<group>";
		};
		6459D1692912682100E4BBC1 /* Products */ = {
			isa = PBXGroup;
			children = (
				6459D1682912682100E4BBC1 /* hbm.app */,
				6459D17E2912683100E4BBC1 /* hbmTests.xctest */,
				6459D1882912683200E4BBC1 /* hbmUITests.xctest */,
			);
			name = Products;
			sourceTree = "<group>";
		};
		6459D16A2912682100E4BBC1 /* hbm */ = {
			isa = PBXGroup;
			children = (
				6459D19B2912751200E4BBC1 /* SplashController.swift */,
				6459D16B2912682100E4BBC1 /* AppDelegate.swift */,
				6459D16D2912682200E4BBC1 /* SceneDelegate.swift */,
				6459D16F2912682200E4BBC1 /* ViewController.swift */,
				6459D1712912682200E4BBC1 /* Main.storyboard */,
				6459D1742912682E00E4BBC1 /* Assets.xcassets */,
				6459D1762912682E00E4BBC1 /* LaunchScreen.storyboard */,
				6459D1792912682E00E4BBC1 /* Info.plist */,
			);
			path = hbm;
			sourceTree = "<group>";
		};
		6459D1812912683100E4BBC1 /* hbmTests */ = {
			isa = PBXGroup;
			children = (
				6459D1822912683100E4BBC1 /* hbmTests.swift */,
			);
			path = hbmTests;
			sourceTree = "<group>";
		};
		6459D18B2912683200E4BBC1 /* hbmUITests */ = {
			isa = PBXGroup;
			children = (
				6459D18C2912683200E4BBC1 /* hbmUITests.swift */,
				6459D18E2912683200E4BBC1 /* hbmUITestsLaunchTests.swift */,
			);
			path = hbmUITests;
			sourceTree = "<group>";
		};
/* End PBXGroup section */

/* Begin PBXNativeTarget section */
		6459D1672912682100E4BBC1 /* hbm */ = {
			isa = PBXNativeTarget;
			buildConfigurationList = 6459D1922912683200E4BBC1 /* Build configuration list for PBXNativeTarget "hbm" */;
			buildPhases = (
				6459D1642912682100E4BBC1 /* Sources */,
				6459D1652912682100E4BBC1 /* Frameworks */,
				6459D1662912682100E4BBC1 /* Resources */,
			);
			buildRules = (
			);
			dependencies = (
			);
			name = hbm;
			productName = hbm;
			productReference = 6459D1682912682100E4BBC1 /* hbm.app */;
			productType = "com.apple.product-type.application";
		};
		6459D17D2912683100E4BBC1 /* hbmTests */ = {
			isa = PBXNativeTarget;
			buildConfigurationList = 6459D1952912683200E4BBC1 /* Build configuration list for PBXNativeTarget "hbmTests" */;
			buildPhases = (
				6459D17A2912683100E4BBC1 /* Sources */,
				6459D17B2912683100E4BBC1 /* Frameworks */,
				6459D17C2912683100E4BBC1 /* Resources */,
			);
			buildRules = (
			);
			dependencies = (
				6459D1802912683100E4BBC1 /* PBXTargetDependency */,
			);
			name = hbmTests;
			productName = hbmTests;
			productReference = 6459D17E2912683100E4BBC1 /* hbmTests.xctest */;
			productType = "com.apple.product-type.bundle.unit-test";
		};
		6459D1872912683200E4BBC1 /* hbmUITests */ = {
			isa = PBXNativeTarget;
			buildConfigurationList = 6459D1982912683200E4BBC1 /* Build configuration list for PBXNativeTarget "hbmUITests" */;
			buildPhases = (
				6459D1842912683200E4BBC1 /* Sources */,
				6459D1852912683200E4BBC1 /* Frameworks */,
				6459D1862912683200E4BBC1 /* Resources */,
			);
			buildRules = (
			);
			dependencies = (
				6459D18A2912683200E4BBC1 /* PBXTargetDependency */,
			);
			name = hbmUITests;
			productName = hbmUITests;
			productReference = 6459D1882912683200E4BBC1 /* hbmUITests.xctest */;
			productType = "com.apple.product-type.bundle.ui-testing";
		};
/* End PBXNativeTarget section */

/* Begin PBXProject section */
		6459D1602912682100E4BBC1 /* Project object */ = {
			isa = PBXProject;
			attributes = {
				BuildIndependentTargetsInParallel = 1;
				LastSwiftUpdateCheck = 1400;
				LastUpgradeCheck = 1400;
				TargetAttributes = {
					6459D1672912682100E4BBC1 = {
						CreatedOnToolsVersion = 14.0.1;
					};
					6459D17D2912683100E4BBC1 = {
						CreatedOnToolsVersion = 14.0.1;
						TestTargetID = 6459D1672912682100E4BBC1;
					};
					6459D1872912683200E4BBC1 = {
						CreatedOnToolsVersion = 14.0.1;
						TestTargetID = 6459D1672912682100E4BBC1;
					};
				};
			};
			buildConfigurationList = 6459D1632912682100E4BBC1 /* Build configuration list for PBXProject "hbm" */;
			compatibilityVersion = "Xcode 14.0";
			developmentRegion = en;
			hasScannedForEncodings = 0;
			knownRegions = (
				en,
				Base,
			);
			mainGroup = 6459D15F2912682100E4BBC1;
			productRefGroup = 6459D1692912682100E4BBC1 /* Products */;
			projectDirPath = "";
			projectRoot = "";
			targets = (
				6459D1672912682100E4BBC1 /* hbm */,
				6459D17D2912683100E4BBC1 /* hbmTests */,
				6459D1872912683200E4BBC1 /* hbmUITests */,
			);
		};
/* End PBXProject section */

/* Begin PBXResourcesBuildPhase section */
		6459D1662912682100E4BBC1 /* Resources */ = {
			isa = PBXResourcesBuildPhase;
			buildActionMask = 2147483647;
			files = (
				6459D1782912682E00E4BBC1 /* LaunchScreen.storyboard in Resources */,
				6459D1752912682E00E4BBC1 /* Assets.xcassets in Resources */,
				6459D1732912682200E4BBC1 /* Main.storyboard in Resources */,
			);
			runOnlyForDeploymentPostprocessing = 0;
		};
		6459D17C2912683100E4BBC1 /* Resources */ = {
			isa = PBXResourcesBuildPhase;
			buildActionMask = 2147483647;
			files = (
			);
			runOnlyForDeploymentPostprocessing = 0;
		};
		6459D1862912683200E4BBC1 /* Resources */ = {
			isa = PBXResourcesBuildPhase;
			buildActionMask = 2147483647;
			files = (
			);
			runOnlyForDeploymentPostprocessing = 0;
		};
/* End PBXResourcesBuildPhase section */

/* Begin PBXSourcesBuildPhase section */
		6459D1642912682100E4BBC1 /* Sources */ = {
			isa = PBXSourcesBuildPhase;
			buildActionMask = 2147483647;
			files = (
				6459D19C2912751200E4BBC1 /* SplashController.swift in Sources */,
				6459D1702912682200E4BBC1 /* ViewController.swift in Sources */,
				6459D16C2912682100E4BBC1 /* AppDelegate.swift in Sources */,
				6459D16E2912682200E4BBC1 /* SceneDelegate.swift in Sources */,
			);
			runOnlyForDeploymentPostprocessing = 0;
		};
		6459D17A2912683100E4BBC1 /* Sources */ = {
			isa = PBXSourcesBuildPhase;
			buildActionMask = 2147483647;
			files = (
				6459D1832912683100E4BBC1 /* hbmTests.swift in Sources */,
			);
			runOnlyForDeploymentPostprocessing = 0;
		};
		6459D1842912683200E4BBC1 /* Sources */ = {
			isa = PBXSourcesBuildPhase;
			buildActionMask = 2147483647;
			files = (
				6459D18F2912683200E4BBC1 /* hbmUITestsLaunchTests.swift in Sources */,
				6459D18D2912683200E4BBC1 /* hbmUITests.swift in Sources */,
			);
			runOnlyForDeploymentPostprocessing = 0;
		};
/* End PBXSourcesBuildPhase section */

/* Begin PBXTargetDependency section */
		6459D1802912683100E4BBC1 /* PBXTargetDependency */ = {
			isa = PBXTargetDependency;
			target = 6459D1672912682100E4BBC1 /* hbm */;
			targetProxy = 6459D17F2912683100E4BBC1 /* PBXContainerItemProxy */;
		};
		6459D18A2912683200E4BBC1 /* PBXTargetDependency */ = {
			isa = PBXTargetDependency;
			target = 6459D1672912682100E4BBC1 /* hbm */;
			targetProxy = 6459D1892912683200E4BBC1 /* PBXContainerItemProxy */;
		};
/* End PBXTargetDependency section */

/* Begin PBXVariantGroup section */
		6459D1712912682200E4BBC1 /* Main.storyboard */ = {
			isa = PBXVariantGroup;
			children = (
				6459D1722912682200E4BBC1 /* Base */,
			);
			name = Main.storyboard;
			sourceTree = "<group>";
		};
		6459D1762912682E00E4BBC1 /* LaunchScreen.storyboard */ = {
			isa = PBXVariantGroup;
			children = (
				6459D1772912682E00E4BBC1 /* Base */,
			);
			name = LaunchScreen.storyboard;
			sourceTree = "<group>";
		};
/* End PBXVariantGroup section */

/* Begin XCBuildConfiguration section */
		6459D1902912683200E4BBC1 /* Debug */ = {
			isa = XCBuildConfiguration;
			buildSettings = {
				ALWAYS_SEARCH_USER_PATHS = NO;
				CLANG_ANALYZER_NONNULL = YES;
				CLANG_ANALYZER_NUMBER_OBJECT_CONVERSION = YES_AGGRESSIVE;
				CLANG_CXX_LANGUAGE_STANDARD = "gnu++20";
				CLANG_ENABLE_MODULES = YES;
				CLANG_ENABLE_OBJC_ARC = YES;
				CLANG_ENABLE_OBJC_WEAK = YES;
				CLANG_WARN_BLOCK_CAPTURE_AUTORELEASING = YES;
				CLANG_WARN_BOOL_CONVERSION = YES;
				CLANG_WARN_COMMA = YES;
				CLANG_WARN_CONSTANT_CONVERSION = YES;
				CLANG_WARN_DEPRECATED_OBJC_IMPLEMENTATIONS = YES;
				CLANG_WARN_DIRECT_OBJC_ISA_USAGE = YES_ERROR;
				CLANG_WARN_DOCUMENTATION_COMMENTS = YES;
				CLANG_WARN_EMPTY_BODY = YES;
				CLANG_WARN_ENUM_CONVERSION = YES;
				CLANG_WARN_INFINITE_RECURSION = YES;
				CLANG_WARN_INT_CONVERSION = YES;
				CLANG_WARN_NON_LITERAL_NULL_CONVERSION = YES;
				CLANG_WARN_OBJC_IMPLICIT_RETAIN_SELF = YES;
				CLANG_WARN_OBJC_LITERAL_CONVERSION = YES;
				CLANG_WARN_OBJC_ROOT_CLASS = YES_ERROR;
				CLANG_WARN_QUOTED_INCLUDE_IN_FRAMEWORK_HEADER = YES;
				CLANG_WARN_RANGE_LOOP_ANALYSIS = YES;
				CLANG_WARN_STRICT_PROTOTYPES = YES;
				CLANG_WARN_SUSPICIOUS_MOVE = YES;
				CLANG_WARN_UNGUARDED_AVAILABILITY = YES_AGGRESSIVE;
				CLANG_WARN_UNREACHABLE_CODE = YES;
				CLANG_WARN__DUPLICATE_METHOD_MATCH = YES;
				COPY_PHASE_STRIP = NO;
				DEBUG_INFORMATION_FORMAT = dwarf;
				ENABLE_STRICT_OBJC_MSGSEND = YES;
				ENABLE_TESTABILITY = YES;
				GCC_C_LANGUAGE_STANDARD = gnu11;
				GCC_DYNAMIC_NO_PIC = NO;
				GCC_NO_COMMON_BLOCKS = YES;
				GCC_OPTIMIZATION_LEVEL = 0;
				GCC_PREPROCESSOR_DEFINITIONS = (
					"DEBUG=1",
					"$(inherited)",
				);
				GCC_WARN_64_TO_32_BIT_CONVERSION = YES;
				GCC_WARN_ABOUT_RETURN_TYPE = YES_ERROR;
				GCC_WARN_UNDECLARED_SELECTOR = YES;
				GCC_WARN_UNINITIALIZED_AUTOS = YES_AGGRESSIVE;
				GCC_WARN_UNUSED_FUNCTION = YES;
				GCC_WARN_UNUSED_VARIABLE = YES;
				IPHONEOS_DEPLOYMENT_TARGET = 16.0;
				MTL_ENABLE_DEBUG_INFO = INCLUDE_SOURCE;
				MTL_FAST_MATH = YES;
				ONLY_ACTIVE_ARCH = YES;
				SDKROOT = iphoneos;
				SWIFT_ACTIVE_COMPILATION_CONDITIONS = DEBUG;
				SWIFT_OPTIMIZATION_LEVEL = "-Onone";
			};
			name = Debug;
		};
		6459D1912912683200E4BBC1 /* Release */ = {
			isa = XCBuildConfiguration;
			buildSettings = {
				ALWAYS_SEARCH_USER_PATHS = NO;
				CLANG_ANALYZER_NONNULL = YES;
				CLANG_ANALYZER_NUMBER_OBJECT_CONVERSION = YES_AGGRESSIVE;
				CLANG_CXX_LANGUAGE_STANDARD = "gnu++20";
				CLANG_ENABLE_MODULES = YES;
				CLANG_ENABLE_OBJC_ARC = YES;
				CLANG_ENABLE_OBJC_WEAK = YES;
				CLANG_WARN_BLOCK_CAPTURE_AUTORELEASING = YES;
				CLANG_WARN_BOOL_CONVERSION = YES;
				CLANG_WARN_COMMA = YES;
				CLANG_WARN_CONSTANT_CONVERSION = YES;
				CLANG_WARN_DEPRECATED_OBJC_IMPLEMENTATIONS = YES;
				CLANG_WARN_DIRECT_OBJC_ISA_USAGE = YES_ERROR;
				CLANG_WARN_DOCUMENTATION_COMMENTS = YES;
				CLANG_WARN_EMPTY_BODY = YES;
				CLANG_WARN_ENUM_CONVERSION = YES;
				CLANG_WARN_INFINITE_RECURSION = YES;
				CLANG_WARN_INT_CONVERSION = YES;
				CLANG_WARN_NON_LITERAL_NULL_CONVERSION = YES;
				CLANG_WARN_OBJC_IMPLICIT_RETAIN_SELF = YES;
				CLANG_WARN_OBJC_LITERAL_CONVERSION = YES;
				CLANG_WARN_OBJC_ROOT_CLASS = YES_ERROR;
				CLANG_WARN_QUOTED_INCLUDE_IN_FRAMEWORK_HEADER = YES;
				CLANG_WARN_RANGE_LOOP_ANALYSIS = YES;
				CLANG_WARN_STRICT_PROTOTYPES = YES;
				CLANG_WARN_SUSPICIOUS_MOVE = YES;
				CLANG_WARN_UNGUARDED_AVAILABILITY = YES_AGGRESSIVE;
				CLANG_WARN_UNREACHABLE_CODE = YES;
				CLANG_WARN__DUPLICATE_METHOD_MATCH = YES;
				COPY_PHASE_STRIP = NO;
				DEBUG_INFORMATION_FORMAT = "dwarf-with-dsym";
				ENABLE_NS_ASSERTIONS = NO;
				ENABLE_STRICT_OBJC_MSGSEND = YES;
				GCC_C_LANGUAGE_STANDARD = gnu11;
				GCC_NO_COMMON_BLOCKS = YES;
				GCC_WARN_64_TO_32_BIT_CONVERSION = YES;
				GCC_WARN_ABOUT_RETURN_TYPE = YES_ERROR;
				GCC_WARN_UNDECLARED_SELECTOR = YES;
				GCC_WARN_UNINITIALIZED_AUTOS = YES_AGGRESSIVE;
				GCC_WARN_UNUSED_FUNCTION = YES;
				GCC_WARN_UNUSED_VARIABLE = YES;
				IPHONEOS_DEPLOYMENT_TARGET = 16.0;
				MTL_ENABLE_DEBUG_INFO = NO;
				MTL_FAST_MATH = YES;
				SDKROOT = iphoneos;
				SWIFT_COMPILATION_MODE = wholemodule;
				SWIFT_OPTIMIZATION_LEVEL = "-O";
				VALIDATE_PRODUCT = YES;
			};
			name = Release;
		};
		6459D1932912683200E4BBC1 /* Debug */ = {
			isa = XCBuildConfiguration;
			buildSettings = {
				ASSETCATALOG_COMPILER_APPICON_NAME = AppIcon;
				ASSETCATALOG_COMPILER_GLOBAL_ACCENT_COLOR_NAME = AccentColor;
				CODE_SIGN_STYLE = Automatic;
				CURRENT_PROJECT_VERSION = 1;
				GENERATE_INFOPLIST_FILE = YES;
				INFOPLIST_FILE = hbm/Info.plist;
				INFOPLIST_KEY_UIApplicationSupportsIndirectInputEvents = YES;
				INFOPLIST_KEY_UILaunchStoryboardName = LaunchScreen;
				INFOPLIST_KEY_UIMainStoryboardFile = Main;
				INFOPLIST_KEY_UISupportedInterfaceOrientations_iPad = "UIInterfaceOrientationPortrait UIInterfaceOrientationPortraitUpsideDown UIInterfaceOrientationLandscapeLeft UIInterfaceOrientationLandscapeRight";
				INFOPLIST_KEY_UISupportedInterfaceOrientations_iPhone = "UIInterfaceOrientationPortrait UIInterfaceOrientationLandscapeLeft UIInterfaceOrientationLandscapeRight";
				LD_RUNPATH_SEARCH_PATHS = (
					"$(inherited)",
					"@executable_path/Frameworks",
				);
				MARKETING_VERSION = 1.0;
				PRODUCT_BUNDLE_IDENTIFIER = KuetCSE.hbm;
				PRODUCT_NAME = "$(TARGET_NAME)";
				SWIFT_EMIT_LOC_STRINGS = YES;
				SWIFT_VERSION = 5.0;
				TARGETED_DEVICE_FAMILY = "1,2";
			};
			name = Debug;
		};
		6459D1942912683200E4BBC1 /* Release */ = {
			isa = XCBuildConfiguration;
			buildSettings = {
				ASSETCATALOG_COMPILER_APPICON_NAME = AppIcon;
				ASSETCATALOG_COMPILER_GLOBAL_ACCENT_COLOR_NAME = AccentColor;
				CODE_SIGN_STYLE = Automatic;
				CURRENT_PROJECT_VERSION = 1;
				GENERATE_INFOPLIST_FILE = YES;
				INFOPLIST_FILE = hbm/Info.plist;
				INFOPLIST_KEY_UIApplicationSupportsIndirectInputEvents = YES;
				INFOPLIST_KEY_UILaunchStoryboardName = LaunchScreen;
				INFOPLIST_KEY_UIMainStoryboardFile = Main;
				INFOPLIST_KEY_UISupportedInterfaceOrientations_iPad = "UIInterfaceOrientationPortrait UIInterfaceOrientationPortraitUpsideDown UIInterfaceOrientationLandscapeLeft UIInterfaceOrientationLandscapeRight";
				INFOPLIST_KEY_UISupportedInterfaceOrientations_iPhone = "UIInterfaceOrientationPortrait UIInterfaceOrientationLandscapeLeft UIInterfaceOrientationLandscapeRight";
				LD_RUNPATH_SEARCH_PATHS = (
					"$(inherited)",
					"@executable_path/Frameworks",
				);
				MARKETING_VERSION = 1.0;
				PRODUCT_BUNDLE_IDENTIFIER = KuetCSE.hbm;
				PRODUCT_NAME = "$(TARGET_NAME)";
				SWIFT_EMIT_LOC_STRINGS = YES;
				SWIFT_VERSION = 5.0;
				TARGETED_DEVICE_FAMILY = "1,2";
			};
			name = Release;
		};
		6459D1962912683200E4BBC1 /* Debug */ = {
			isa = XCBuildConfiguration;
			buildSettings = {
				ALWAYS_EMBED_SWIFT_STANDARD_LIBRARIES = YES;
				BUNDLE_LOADER = "$(TEST_HOST)";
				CODE_SIGN_STYLE = Automatic;
				CURRENT_PROJECT_VERSION = 1;
				GENERATE_INFOPLIST_FILE = YES;
				IPHONEOS_DEPLOYMENT_TARGET = 16.0;
				MARKETING_VERSION = 1.0;
				PRODUCT_BUNDLE_IDENTIFIER = KuetCSE.hbmTests;
				PRODUCT_NAME = "$(TARGET_NAME)";
				SWIFT_EMIT_LOC_STRINGS = NO;
				SWIFT_VERSION = 5.0;
				TARGETED_DEVICE_FAMILY = "1,2";
				TEST_HOST = "$(BUILT_PRODUCTS_DIR)/hbm.app/$(BUNDLE_EXECUTABLE_FOLDER_PATH)/hbm";
			};
			name = Debug;
		};
		6459D1972912683200E4BBC1 /* Release */ = {
			isa = XCBuildConfiguration;
			buildSettings = {
				ALWAYS_EMBED_SWIFT_STANDARD_LIBRARIES = YES;
				BUNDLE_LOADER = "$(TEST_HOST)";
				CODE_SIGN_STYLE = Automatic;
				CURRENT_PROJECT_VERSION = 1;
				GENERATE_INFOPLIST_FILE = YES;
				IPHONEOS_DEPLOYMENT_TARGET = 16.0;
				MARKETING_VERSION = 1.0;
				PRODUCT_BUNDLE_IDENTIFIER = KuetCSE.hbmTests;
				PRODUCT_NAME = "$(TARGET_NAME)";
				SWIFT_EMIT_LOC_STRINGS = NO;
				SWIFT_VERSION = 5.0;
				TARGETED_DEVICE_FAMILY = "1,2";
				TEST_HOST = "$(BUILT_PRODUCTS_DIR)/hbm.app/$(BUNDLE_EXECUTABLE_FOLDER_PATH)/hbm";
			};
			name = Release;
		};
		6459D1992912683200E4BBC1 /* Debug */ = {
			isa = XCBuildConfiguration;
			buildSettings = {
				ALWAYS_EMBED_SWIFT_STANDARD_LIBRARIES = YES;
				CODE_SIGN_STYLE = Automatic;
				CURRENT_PROJECT_VERSION = 1;
				GENERATE_INFOPLIST_FILE = YES;
				MARKETING_VERSION = 1.0;
				PRODUCT_BUNDLE_IDENTIFIER = KuetCSE.hbmUITests;
				PRODUCT_NAME = "$(TARGET_NAME)";
				SWIFT_EMIT_LOC_STRINGS = NO;
				SWIFT_VERSION = 5.0;
				TARGETED_DEVICE_FAMILY = "1,2";
				TEST_TARGET_NAME = hbm;
			};
			name = Debug;
		};
		6459D19A2912683200E4BBC1 /* Release */ = {
			isa = XCBuildConfiguration;
			buildSettings = {
				ALWAYS_EMBED_SWIFT_STANDARD_LIBRARIES = YES;
				CODE_SIGN_STYLE = Automatic;
				CURRENT_PROJECT_VERSION = 1;
				GENERATE_INFOPLIST_FILE = YES;
				MARKETING_VERSION = 1.0;
				PRODUCT_BUNDLE_IDENTIFIER = KuetCSE.hbmUITests;
				PRODUCT_NAME = "$(TARGET_NAME)";
				SWIFT_EMIT_LOC_STRINGS = NO;
				SWIFT_VERSION = 5.0;
				TARGETED_DEVICE_FAMILY = "1,2";
				TEST_TARGET_NAME = hbm;
			};
			name = Release;
		};
/* End XCBuildConfiguration section */

/* Begin XCConfigurationList section */
		6459D1632912682100E4BBC1 /* Build configuration list for PBXProject "hbm" */ = {
			isa = XCConfigurationList;
			buildConfigurations = (
				6459D1902912683200E4BBC1 /* Debug */,
				6459D1912912683200E4BBC1 /* Release */,
			);
			defaultConfigurationIsVisible = 0;
			defaultConfigurationName = Release;
		};
		6459D1922912683200E4BBC1 /* Build configuration list for PBXNativeTarget "hbm" */ = {
			isa = XCConfigurationList;
			buildConfigurations = (
				6459D1932912683200E4BBC1 /* Debug */,
				6459D1942912683200E4BBC1 /* Release */,
			);
			defaultConfigurationIsVisible = 0;
			defaultConfigurationName = Release;
		};
		6459D1952912683200E4BBC1 /* Build configuration list for PBXNativeTarget "hbmTests" */ = {
			isa = XCConfigurationList;
			buildConfigurations = (
				6459D1962912683200E4BBC1 /* Debug */,
				6459D1972912683200E4BBC1 /* Release */,
			);
			defaultConfigurationIsVisible = 0;
			defaultConfigurationName = Release;
		};
		6459D1982912683200E4BBC1 /* Build configuration list for PBXNativeTarget "hbmUITests" */ = {
			isa = XCConfigurationList;
			buildConfigurations = (
				6459D1992912683200E4BBC1 /* Debug */,
				6459D19A2912683200E4BBC1 /* Release */,
			);
			defaultConfigurationIsVisible = 0;
			defaultConfigurationName = Release;
		};
/* End XCConfigurationList section */
	};
	rootObject = 6459D1602912682100E4BBC1 /* Project object */;
}
